
Microsoft Visual Studio Solution File, Format Version 12.00
# Visual Studio Version 16
VisualStudioVersion = 16.0.34301.259
MinimumVisualStudioVersion = 10.0.40219.1
Project("{FAE04EC0-301F-11D3-BF4B-00C04F79EFBC}") = "Tyuiu.TitkovAA.Sprint6.Review.V23.Lib", "Tyuiu.TitkovAA.Sprint6.Review.V23.Lib\Tyuiu.TitkovAA.Sprint6.Review.V23.Lib.csproj", "{18A2EC1A-3D56-4300-A48D-7A7B578320CD}"
EndProject
Project("{FAE04EC0-301F-11D3-BF4B-00C04F79EFBC}") = "Tyuiu.TitkovAA.Sprint6.Review.V23.Test", "Tyuiu.TitkovAA.Sprint6.Review.V23.Test\Tyuiu.TitkovAA.Sprint6.Review.V23.Test.csproj", "{F02546F6-3957-40FE-98CC-2B8F542C5715}"
EndProject
Project("{FAE04EC0-301F-11D3-BF4B-00C04F79EFBC}") = "Tyuiu.TitkovAA.Sprint6.Review.V23", "Tyuiu.TitkovAA.Sprint6.Review.V23\Tyuiu.TitkovAA.Sprint6.Review.V23.csproj", "{A1419300-8FA3-4FD8-82EB-581BC03E8EE7}"
EndProject
Global
	GlobalSection(SolutionConfigurationPlatforms) = preSolution
		Debug|Any CPU = Debug|Any CPU
		Release|Any CPU = Release|Any CPU
	EndGlobalSection
	GlobalSection(ProjectConfigurationPlatforms) = postSolution
		{18A2EC1A-3D56-4300-A48D-7A7B578320CD}.Debug|Any CPU.ActiveCfg = Debug|Any CPU
		{18A2EC1A-3D56-4300-A48D-7A7B578320CD}.Debug|Any CPU.Build.0 = Debug|Any CPU
		{18A2EC1A-3D56-4300-A48D-7A7B578320CD}.Release|Any CPU.ActiveCfg = Release|Any CPU
		{18A2EC1A-3D56-4300-A48D-7A7B578320CD}.Release|Any CPU.Build.0 = Release|Any CPU
		{F02546F6-3957-40FE-98CC-2B8F542C5715}.Debug|Any CPU.ActiveCfg = Debug|Any CPU
		{F02546F6-3957-40FE-98CC-2B8F542C5715}.Debug|Any CPU.Build.0 = Debug|Any CPU
		{F02546F6-3957-40FE-98CC-2B8F542C5715}.Release|Any CPU.ActiveCfg = Release|Any CPU
		{F02546F6-3957-40FE-98CC-2B8F542C5715}.Release|Any CPU.Build.0 = Release|Any CPU
		{A1419300-8FA3-4FD8-82EB-581BC03E8EE7}.Debug|Any CPU.ActiveCfg = Debug|Any CPU
		{A1419300-8FA3-4FD8-82EB-581BC03E8EE7}.Debug|Any CPU.Build.0 = Debug|Any CPU
		{A1419300-8FA3-4FD8-82EB-581BC03E8EE7}.Release|Any CPU.ActiveCfg = Release|Any CPU
		{A1419300-8FA3-4FD8-82EB-581BC03E8EE7}.Release|Any CPU.Build.0 = Release|Any CPU
	EndGlobalSection
	GlobalSection(SolutionProperties) = preSolution
		HideSolutionNode = FALSE
	EndGlobalSection
	GlobalSection(ExtensibilityGlobals) = postSolution
		SolutionGuid = {D62840B9-CC2F-462A-9668-53630C27AC63}
	EndGlobalSection
EndGlobal
